
Microsoft Visual Studio Solution File, Format Version 12.00
# Visual Studio Version 17
VisualStudioVersion = 17.7.34018.315
MinimumVisualStudioVersion = 10.0.40219.1
Project("{FAE04EC0-301F-11D3-BF4B-00C04F79EFBC}") = "MonsterCards", "MonsterCards\MonsterCards.csproj", "{E3D112F3-28C5-4DAE-A00E-E9F55177894B}"
EndProject
Project("{FAE04EC0-301F-11D3-BF4B-00C04F79EFBC}") = "Server", "Server\Server.csproj", "{4E84590D-8AAF-436C-8180-129BBA09347D}"
EndProject
Global
	GlobalSection(SolutionConfigurationPlatforms) = preSolution
		Debug|Any CPU = Debug|Any CPU
		Release|Any CPU = Release|Any CPU
	EndGlobalSection
	GlobalSection(ProjectConfigurationPlatforms) = postSolution
		{E3D112F3-28C5-4DAE-A00E-E9F55177894B}.Debug|Any CPU.ActiveCfg = Debug|Any CPU
		{E3D112F3-28C5-4DAE-A00E-E9F55177894B}.Debug|Any CPU.Build.0 = Debug|Any CPU
		{E3D112F3-28C5-4DAE-A00E-E9F55177894B}.Release|Any CPU.ActiveCfg = Release|Any CPU
		{E3D112F3-28C5-4DAE-A00E-E9F55177894B}.Release|Any CPU.Build.0 = Release|Any CPU
		{4E84590D-8AAF-436C-8180-129BBA09347D}.Debug|Any CPU.ActiveCfg = Debug|Any CPU
		{4E84590D-8AAF-436C-8180-129BBA09347D}.Debug|Any CPU.Build.0 = Debug|Any CPU
		{4E84590D-8AAF-436C-8180-129BBA09347D}.Release|Any CPU.ActiveCfg = Release|Any CPU
		{4E84590D-8AAF-436C-8180-129BBA09347D}.Release|Any CPU.Build.0 = Release|Any CPU
	EndGlobalSection
	GlobalSection(SolutionProperties) = preSolution
		HideSolutionNode = FALSE
	EndGlobalSection
	GlobalSection(ExtensibilityGlobals) = postSolution
		SolutionGuid = {E60D1D04-EF29-4958-A02E-A9D8D65535BF}
	EndGlobalSection
EndGlobal
